# This file was autogenerated by Stack.
# You should not edit this file by hand.
# For more information, please see the documentation at:
#   https://docs.haskellstack.org/en/stable/lock_files

packages:
- completed:
    hackage: pipes-text-1.0.1@sha256:1cf1d24104a517a7c44d4c756b379757dede071319162201ac17ceb5c28a571c,3102
    pantry-tree:
      size: 509
      sha256: 8390a47651a0d3f7f862a407f2a9345350ef453e2958772cf38dcb15b682bc47
  original:
    hackage: pipes-text-1.0.1
snapshots:
- completed:
    size: 618876
    url: https://raw.githubusercontent.com/commercialhaskell/stackage-snapshots/master/lts/19/6.yaml
    sha256: fb634b19f31da06684bb07ce02a20c75a3162138f279b388905b03ebd57bb50f
  original:
    url: https://raw.githubusercontent.com/commercialhaskell/stackage-snapshots/master/lts/19/6.yaml
